
Microsoft Visual Studio Solution File, Format Version 12.00
# Visual Studio Version 16
VisualStudioVersion = 16.0.30907.101
MinimumVisualStudioVersion = 10.0.40219.1
Project("{FAE04EC0-301F-11D3-BF4B-00C04F79EFBC}") = "AintBnB", "AintBnB\AintBnB.csproj", "{F3B969D9-7175-46FF-8673-270D39E24DF7}"
EndProject
Project("{9A19103F-16F7-4668-BE54-9A1E7A4F7556}") = "AintBnB.Core", "AintBnB.Core\AintBnB.Core.csproj", "{65167F6F-06B0-4CDB-B3F2-39233CC64E12}"
EndProject
Project("{9A19103F-16F7-4668-BE54-9A1E7A4F7556}") = "AintBnB.WebApi", "AintBnB.WebApi\AintBnB.WebApi.csproj", "{853D6354-61BB-4299-8A89-81653993A6E1}"
EndProject
Project("{9A19103F-16F7-4668-BE54-9A1E7A4F7556}") = "AintBnB.BusinessLogic", "AintBnB.BusinessLogic\AintBnB.BusinessLogic.csproj", "{E46CAB7A-F468-44EB-B90E-A4BBB1E6175A}"
EndProject
Project("{9A19103F-16F7-4668-BE54-9A1E7A4F7556}") = "AintBnB.Database", "AintBnB.Database\AintBnB.Database.csproj", "{6AB7A556-D7B6-4963-A185-18E08D5DE375}"
EndProject
Project("{9A19103F-16F7-4668-BE54-9A1E7A4F7556}") = "Test", "Test\Test.csproj", "{98B27E13-5C47-40B0-A729-7674481FF2A5}"
EndProject
Project("{9A19103F-16F7-4668-BE54-9A1E7A4F7556}") = "AintBnB.Repository", "Repository\AintBnB.Repository.csproj", "{8A5BCA54-109E-400F-903F-5015EED0808B}"
EndProject
Global
	GlobalSection(SolutionConfigurationPlatforms) = preSolution
		Debug|Any CPU = Debug|Any CPU
		Debug|ARM = Debug|ARM
		Debug|ARM64 = Debug|ARM64
		Debug|x64 = Debug|x64
		Debug|x86 = Debug|x86
		Release|Any CPU = Release|Any CPU
		Release|ARM = Release|ARM
		Release|ARM64 = Release|ARM64
		Release|x64 = Release|x64
		Release|x86 = Release|x86
	EndGlobalSection
	GlobalSection(ProjectConfigurationPlatforms) = postSolution
		{F3B969D9-7175-46FF-8673-270D39E24DF7}.Debug|Any CPU.ActiveCfg = Debug|x86
		{F3B969D9-7175-46FF-8673-270D39E24DF7}.Debug|Any CPU.Build.0 = Debug|x86
		{F3B969D9-7175-46FF-8673-270D39E24DF7}.Debug|Any CPU.Deploy.0 = Debug|x86
		{F3B969D9-7175-46FF-8673-270D39E24DF7}.Debug|ARM.ActiveCfg = Debug|ARM
		{F3B969D9-7175-46FF-8673-270D39E24DF7}.Debug|ARM.Build.0 = Debug|ARM
		{F3B969D9-7175-46FF-8673-270D39E24DF7}.Debug|ARM.Deploy.0 = Debug|ARM
		{F3B969D9-7175-46FF-8673-270D39E24DF7}.Debug|ARM64.ActiveCfg = Debug|ARM64
		{F3B969D9-7175-46FF-8673-270D39E24DF7}.Debug|ARM64.Build.0 = Debug|ARM64
		{F3B969D9-7175-46FF-8673-270D39E24DF7}.Debug|ARM64.Deploy.0 = Debug|ARM64
		{F3B969D9-7175-46FF-8673-270D39E24DF7}.Debug|x64.ActiveCfg = Debug|x64
		{F3B969D9-7175-46FF-8673-270D39E24DF7}.Debug|x64.Build.0 = Debug|x64
		{F3B969D9-7175-46FF-8673-270D39E24DF7}.Debug|x64.Deploy.0 = Debug|x64
		{F3B969D9-7175-46FF-8673-270D39E24DF7}.Debug|x86.ActiveCfg = Debug|x86
		{F3B969D9-7175-46FF-8673-270D39E24DF7}.Debug|x86.Build.0 = Debug|x86
		{F3B969D9-7175-46FF-8673-270D39E24DF7}.Debug|x86.Deploy.0 = Debug|x86
		{F3B969D9-7175-46FF-8673-270D39E24DF7}.Release|Any CPU.ActiveCfg = Release|x86
		{F3B969D9-7175-46FF-8673-270D39E24DF7}.Release|ARM.ActiveCfg = Release|ARM
		{F3B969D9-7175-46FF-8673-270D39E24DF7}.Release|ARM.Build.0 = Release|ARM
		{F3B969D9-7175-46FF-8673-270D39E24DF7}.Release|ARM.Deploy.0 = Release|ARM
		{F3B969D9-7175-46FF-8673-270D39E24DF7}.Release|ARM64.ActiveCfg = Release|ARM64
		{F3B969D9-7175-46FF-8673-270D39E24DF7}.Release|ARM64.Build.0 = Release|ARM64
		{F3B969D9-7175-46FF-8673-270D39E24DF7}.Release|ARM64.Deploy.0 = Release|ARM64
		{F3B969D9-7175-46FF-8673-270D39E24DF7}.Release|x64.ActiveCfg = Release|x64
		{F3B969D9-7175-46FF-8673-270D39E24DF7}.Release|x64.Build.0 = Release|x64
		{F3B969D9-7175-46FF-8673-270D39E24DF7}.Release|x64.Deploy.0 = Release|x64
		{F3B969D9-7175-46FF-8673-270D39E24DF7}.Release|x86.ActiveCfg = Release|x86
		{F3B969D9-7175-46FF-8673-270D39E24DF7}.Release|x86.Build.0 = Release|x86
		{F3B969D9-7175-46FF-8673-270D39E24DF7}.Release|x86.Deploy.0 = Release|x86
		{65167F6F-06B0-4CDB-B3F2-39233CC64E12}.Debug|Any CPU.ActiveCfg = Debug|Any CPU
		{65167F6F-06B0-4CDB-B3F2-39233CC64E12}.Debug|Any CPU.Build.0 = Debug|Any CPU
		{65167F6F-06B0-4CDB-B3F2-39233CC64E12}.Debug|ARM.ActiveCfg = Debug|Any CPU
		{65167F6F-06B0-4CDB-B3F2-39233CC64E12}.Debug|ARM.Build.0 = Debug|Any CPU
		{65167F6F-06B0-4CDB-B3F2-39233CC64E12}.Debug|ARM64.ActiveCfg = Debug|Any CPU
		{65167F6F-06B0-4CDB-B3F2-39233CC64E12}.Debug|ARM64.Build.0 = Debug|Any CPU
		{65167F6F-06B0-4CDB-B3F2-39233CC64E12}.Debug|x64.ActiveCfg = Debug|Any CPU
		{65167F6F-06B0-4CDB-B3F2-39233CC64E12}.Debug|x64.Build.0 = Debug|Any CPU
		{65167F6F-06B0-4CDB-B3F2-39233CC64E12}.Debug|x86.ActiveCfg = Debug|Any CPU
		{65167F6F-06B0-4CDB-B3F2-39233CC64E12}.Debug|x86.Build.0 = Debug|Any CPU
		{65167F6F-06B0-4CDB-B3F2-39233CC64E12}.Release|Any CPU.ActiveCfg = Release|Any CPU
		{65167F6F-06B0-4CDB-B3F2-39233CC64E12}.Release|Any CPU.Build.0 = Release|Any CPU
		{65167F6F-06B0-4CDB-B3F2-39233CC64E12}.Release|ARM.ActiveCfg = Release|Any CPU
		{65167F6F-06B0-4CDB-B3F2-39233CC64E12}.Release|ARM.Build.0 = Release|Any CPU
		{65167F6F-06B0-4CDB-B3F2-39233CC64E12}.Release|ARM64.ActiveCfg = Release|Any CPU
		{65167F6F-06B0-4CDB-B3F2-39233CC64E12}.Release|ARM64.Build.0 = Release|Any CPU
		{65167F6F-06B0-4CDB-B3F2-39233CC64E12}.Release|x64.ActiveCfg = Release|Any CPU
		{65167F6F-06B0-4CDB-B3F2-39233CC64E12}.Release|x64.Build.0 = Release|Any CPU
		{65167F6F-06B0-4CDB-B3F2-39233CC64E12}.Release|x86.ActiveCfg = Release|Any CPU
		{65167F6F-06B0-4CDB-B3F2-39233CC64E12}.Release|x86.Build.0 = Release|Any CPU
		{853D6354-61BB-4299-8A89-81653993A6E1}.Debug|Any CPU.ActiveCfg = Debug|Any CPU
		{853D6354-61BB-4299-8A89-81653993A6E1}.Debug|Any CPU.Build.0 = Debug|Any CPU
		{853D6354-61BB-4299-8A89-81653993A6E1}.Debug|ARM.ActiveCfg = Debug|Any CPU
		{853D6354-61BB-4299-8A89-81653993A6E1}.Debug|ARM.Build.0 = Debug|Any CPU
		{853D6354-61BB-4299-8A89-81653993A6E1}.Debug|ARM64.ActiveCfg = Debug|Any CPU
		{853D6354-61BB-4299-8A89-81653993A6E1}.Debug|ARM64.Build.0 = Debug|Any CPU
		{853D6354-61BB-4299-8A89-81653993A6E1}.Debug|x64.ActiveCfg = Debug|Any CPU
		{853D6354-61BB-4299-8A89-81653993A6E1}.Debug|x64.Build.0 = Debug|Any CPU
		{853D6354-61BB-4299-8A89-81653993A6E1}.Debug|x86.ActiveCfg = Debug|Any CPU
		{853D6354-61BB-4299-8A89-81653993A6E1}.Debug|x86.Build.0 = Debug|Any CPU
		{853D6354-61BB-4299-8A89-81653993A6E1}.Release|Any CPU.ActiveCfg = Release|Any CPU
		{853D6354-61BB-4299-8A89-81653993A6E1}.Release|Any CPU.Build.0 = Release|Any CPU
		{853D6354-61BB-4299-8A89-81653993A6E1}.Release|ARM.ActiveCfg = Release|Any CPU
		{853D6354-61BB-4299-8A89-81653993A6E1}.Release|ARM.Build.0 = Release|Any CPU
		{853D6354-61BB-4299-8A89-81653993A6E1}.Release|ARM64.ActiveCfg = Release|Any CPU
		{853D6354-61BB-4299-8A89-81653993A6E1}.Release|ARM64.Build.0 = Release|Any CPU
		{853D6354-61BB-4299-8A89-81653993A6E1}.Release|x64.ActiveCfg = Release|Any CPU
		{853D6354-61BB-4299-8A89-81653993A6E1}.Release|x64.Build.0 = Release|Any CPU
		{853D6354-61BB-4299-8A89-81653993A6E1}.Release|x86.ActiveCfg = Release|Any CPU
		{853D6354-61BB-4299-8A89-81653993A6E1}.Release|x86.Build.0 = Release|Any CPU
		{E46CAB7A-F468-44EB-B90E-A4BBB1E6175A}.Debug|Any CPU.ActiveCfg = Debug|Any CPU
		{E46CAB7A-F468-44EB-B90E-A4BBB1E6175A}.Debug|Any CPU.Build.0 = Debug|Any CPU
		{E46CAB7A-F468-44EB-B90E-A4BBB1E6175A}.Debug|ARM.ActiveCfg = Debug|Any CPU
		{E46CAB7A-F468-44EB-B90E-A4BBB1E6175A}.Debug|ARM.Build.0 = Debug|Any CPU
		{E46CAB7A-F468-44EB-B90E-A4BBB1E6175A}.Debug|ARM64.ActiveCfg = Debug|Any CPU
		{E46CAB7A-F468-44EB-B90E-A4BBB1E6175A}.Debug|ARM64.Build.0 = Debug|Any CPU
		{E46CAB7A-F468-44EB-B90E-A4BBB1E6175A}.Debug|x64.ActiveCfg = Debug|Any CPU
		{E46CAB7A-F468-44EB-B90E-A4BBB1E6175A}.Debug|x64.Build.0 = Debug|Any CPU
		{E46CAB7A-F468-44EB-B90E-A4BBB1E6175A}.Debug|x86.ActiveCfg = Debug|Any CPU
		{E46CAB7A-F468-44EB-B90E-A4BBB1E6175A}.Debug|x86.Build.0 = Debug|Any CPU
		{E46CAB7A-F468-44EB-B90E-A4BBB1E6175A}.Release|Any CPU.ActiveCfg = Release|Any CPU
		{E46CAB7A-F468-44EB-B90E-A4BBB1E6175A}.Release|Any CPU.Build.0 = Release|Any CPU
		{E46CAB7A-F468-44EB-B90E-A4BBB1E6175A}.Release|ARM.ActiveCfg = Release|Any CPU
		{E46CAB7A-F468-44EB-B90E-A4BBB1E6175A}.Release|ARM.Build.0 = Release|Any CPU
		{E46CAB7A-F468-44EB-B90E-A4BBB1E6175A}.Release|ARM64.ActiveCfg = Release|Any CPU
		{E46CAB7A-F468-44EB-B90E-A4BBB1E6175A}.Release|ARM64.Build.0 = Release|Any CPU
		{E46CAB7A-F468-44EB-B90E-A4BBB1E6175A}.Release|x64.ActiveCfg = Release|Any CPU
		{E46CAB7A-F468-44EB-B90E-A4BBB1E6175A}.Release|x64.Build.0 = Release|Any CPU
		{E46CAB7A-F468-44EB-B90E-A4BBB1E6175A}.Release|x86.ActiveCfg = Release|Any CPU
		{E46CAB7A-F468-44EB-B90E-A4BBB1E6175A}.Release|x86.Build.0 = Release|Any CPU
		{6AB7A556-D7B6-4963-A185-18E08D5DE375}.Debug|Any CPU.ActiveCfg = Debug|Any CPU
		{6AB7A556-D7B6-4963-A185-18E08D5DE375}.Debug|Any CPU.Build.0 = Debug|Any CPU
		{6AB7A556-D7B6-4963-A185-18E08D5DE375}.Debug|ARM.ActiveCfg = Debug|Any CPU
		{6AB7A556-D7B6-4963-A185-18E08D5DE375}.Debug|ARM.Build.0 = Debug|Any CPU
		{6AB7A556-D7B6-4963-A185-18E08D5DE375}.Debug|ARM64.ActiveCfg = Debug|Any CPU
		{6AB7A556-D7B6-4963-A185-18E08D5DE375}.Debug|ARM64.Build.0 = Debug|Any CPU
		{6AB7A556-D7B6-4963-A185-18E08D5DE375}.Debug|x64.ActiveCfg = Debug|Any CPU
		{6AB7A556-D7B6-4963-A185-18E08D5DE375}.Debug|x64.Build.0 = Debug|Any CPU
		{6AB7A556-D7B6-4963-A185-18E08D5DE375}.Debug|x86.ActiveCfg = Debug|Any CPU
		{6AB7A556-D7B6-4963-A185-18E08D5DE375}.Debug|x86.Build.0 = Debug|Any CPU
		{6AB7A556-D7B6-4963-A185-18E08D5DE375}.Release|Any CPU.ActiveCfg = Release|Any CPU
		{6AB7A556-D7B6-4963-A185-18E08D5DE375}.Release|Any CPU.Build.0 = Release|Any CPU
		{6AB7A556-D7B6-4963-A185-18E08D5DE375}.Release|ARM.ActiveCfg = Release|Any CPU
		{6AB7A556-D7B6-4963-A185-18E08D5DE375}.Release|ARM.Build.0 = Release|Any CPU
		{6AB7A556-D7B6-4963-A185-18E08D5DE375}.Release|ARM64.ActiveCfg = Release|Any CPU
		{6AB7A556-D7B6-4963-A185-18E08D5DE375}.Release|ARM64.Build.0 = Release|Any CPU
		{6AB7A556-D7B6-4963-A185-18E08D5DE375}.Release|x64.ActiveCfg = Release|Any CPU
		{6AB7A556-D7B6-4963-A185-18E08D5DE375}.Release|x64.Build.0 = Release|Any CPU
		{6AB7A556-D7B6-4963-A185-18E08D5DE375}.Release|x86.ActiveCfg = Release|Any CPU
		{6AB7A556-D7B6-4963-A185-18E08D5DE375}.Release|x86.Build.0 = Release|Any CPU
		{98B27E13-5C47-40B0-A729-7674481FF2A5}.Debug|Any CPU.ActiveCfg = Debug|Any CPU
		{98B27E13-5C47-40B0-A729-7674481FF2A5}.Debug|Any CPU.Build.0 = Debug|Any CPU
		{98B27E13-5C47-40B0-A729-7674481FF2A5}.Debug|ARM.ActiveCfg = Debug|Any CPU
		{98B27E13-5C47-40B0-A729-7674481FF2A5}.Debug|ARM.Build.0 = Debug|Any CPU
		{98B27E13-5C47-40B0-A729-7674481FF2A5}.Debug|ARM64.ActiveCfg = Debug|Any CPU
		{98B27E13-5C47-40B0-A729-7674481FF2A5}.Debug|ARM64.Build.0 = Debug|Any CPU
		{98B27E13-5C47-40B0-A729-7674481FF2A5}.Debug|x64.ActiveCfg = Debug|Any CPU
		{98B27E13-5C47-40B0-A729-7674481FF2A5}.Debug|x64.Build.0 = Debug|Any CPU
		{98B27E13-5C47-40B0-A729-7674481FF2A5}.Debug|x86.ActiveCfg = Debug|Any CPU
		{98B27E13-5C47-40B0-A729-7674481FF2A5}.Debug|x86.Build.0 = Debug|Any CPU
		{98B27E13-5C47-40B0-A729-7674481FF2A5}.Release|Any CPU.ActiveCfg = Release|Any CPU
		{98B27E13-5C47-40B0-A729-7674481FF2A5}.Release|Any CPU.Build.0 = Release|Any CPU
		{98B27E13-5C47-40B0-A729-7674481FF2A5}.Release|ARM.ActiveCfg = Release|Any CPU
		{98B27E13-5C47-40B0-A729-7674481FF2A5}.Release|ARM.Build.0 = Release|Any CPU
		{98B27E13-5C47-40B0-A729-7674481FF2A5}.Release|ARM64.ActiveCfg = Release|Any CPU
		{98B27E13-5C47-40B0-A729-7674481FF2A5}.Release|ARM64.Build.0 = Release|Any CPU
		{98B27E13-5C47-40B0-A729-7674481FF2A5}.Release|x64.ActiveCfg = Release|Any CPU
		{98B27E13-5C47-40B0-A729-7674481FF2A5}.Release|x64.Build.0 = Release|Any CPU
		{98B27E13-5C47-40B0-A729-7674481FF2A5}.Release|x86.ActiveCfg = Release|Any CPU
		{98B27E13-5C47-40B0-A729-7674481FF2A5}.Release|x86.Build.0 = Release|Any CPU
		{8A5BCA54-109E-400F-903F-5015EED0808B}.Debug|Any CPU.ActiveCfg = Debug|Any CPU
		{8A5BCA54-109E-400F-903F-5015EED0808B}.Debug|Any CPU.Build.0 = Debug|Any CPU
		{8A5BCA54-109E-400F-903F-5015EED0808B}.Debug|ARM.ActiveCfg = Debug|Any CPU
		{8A5BCA54-109E-400F-903F-5015EED0808B}.Debug|ARM.Build.0 = Debug|Any CPU
		{8A5BCA54-109E-400F-903F-5015EED0808B}.Debug|ARM64.ActiveCfg = Debug|Any CPU
		{8A5BCA54-109E-400F-903F-5015EED0808B}.Debug|ARM64.Build.0 = Debug|Any CPU
		{8A5BCA54-109E-400F-903F-5015EED0808B}.Debug|x64.ActiveCfg = Debug|Any CPU
		{8A5BCA54-109E-400F-903F-5015EED0808B}.Debug|x64.Build.0 = Debug|Any CPU
		{8A5BCA54-109E-400F-903F-5015EED0808B}.Debug|x86.ActiveCfg = Debug|Any CPU
		{8A5BCA54-109E-400F-903F-5015EED0808B}.Debug|x86.Build.0 = Debug|Any CPU
		{8A5BCA54-109E-400F-903F-5015EED0808B}.Release|Any CPU.ActiveCfg = Release|Any CPU
		{8A5BCA54-109E-400F-903F-5015EED0808B}.Release|Any CPU.Build.0 = Release|Any CPU
		{8A5BCA54-109E-400F-903F-5015EED0808B}.Release|ARM.ActiveCfg = Release|Any CPU
		{8A5BCA54-109E-400F-903F-5015EED0808B}.Release|ARM.Build.0 = Release|Any CPU
		{8A5BCA54-109E-400F-903F-5015EED0808B}.Release|ARM64.ActiveCfg = Release|Any CPU
		{8A5BCA54-109E-400F-903F-5015EED0808B}.Release|ARM64.Build.0 = Release|Any CPU
		{8A5BCA54-109E-400F-903F-5015EED0808B}.Release|x64.ActiveCfg = Release|Any CPU
		{8A5BCA54-109E-400F-903F-5015EED0808B}.Release|x64.Build.0 = Release|Any CPU
		{8A5BCA54-109E-400F-903F-5015EED0808B}.Release|x86.ActiveCfg = Release|Any CPU
		{8A5BCA54-109E-400F-903F-5015EED0808B}.Release|x86.Build.0 = Release|Any CPU
	EndGlobalSection
	GlobalSection(SolutionProperties) = preSolution
		HideSolutionNode = FALSE
	EndGlobalSection
	GlobalSection(ExtensibilityGlobals) = postSolution
		SolutionGuid = {FCEF703A-9F41-4FCB-8DA6-7C41AFD30F61}
	EndGlobalSection
EndGlobal
